
Microsoft Visual Studio Solution File, Format Version 12.00
# Visual Studio Version 17
VisualStudioVersion = 17.11.35312.102
MinimumVisualStudioVersion = 10.0.40219.1
Project("{FAE04EC0-301F-11D3-BF4B-00C04F79EFBC}") = "ServiceBus.Queue.Receive", "ServiceBus.Queue.Receive\ServiceBus.Queue.Receive.csproj", "{1F209D65-C8B6-434C-A352-D2E52BEF8E9F}"
EndProject
Project("{9A19103F-16F7-4668-BE54-9A1E7A4F7556}") = "ServiceBus.Topic.Send", "ServiceBus.Topic.Send\ServiceBus.Topic.Send.csproj", "{58803696-5346-474C-B679-AF4ECB194031}"
EndProject
Project("{9A19103F-16F7-4668-BE54-9A1E7A4F7556}") = "ServiceBus.Queue.Send", "ServiceBus.Queue.Send\ServiceBus.Queue.Send.csproj", "{0BAB66B5-4309-4463-83A5-953E2DFE190B}"
EndProject
Project("{9A19103F-16F7-4668-BE54-9A1E7A4F7556}") = "ServiceBus.Topic.Receive", "ServiceBus.Topic.Receive\ServiceBus.Topic.Receive.csproj", "{6D6AC8AB-DE84-4D1F-BCD4-AAC0FB364C8E}"
EndProject
Global
	GlobalSection(SolutionConfigurationPlatforms) = preSolution
		Debug|Any CPU = Debug|Any CPU
		Release|Any CPU = Release|Any CPU
	EndGlobalSection
	GlobalSection(ProjectConfigurationPlatforms) = postSolution
		{1F209D65-C8B6-434C-A352-D2E52BEF8E9F}.Debug|Any CPU.ActiveCfg = Debug|Any CPU
		{1F209D65-C8B6-434C-A352-D2E52BEF8E9F}.Debug|Any CPU.Build.0 = Debug|Any CPU
		{1F209D65-C8B6-434C-A352-D2E52BEF8E9F}.Release|Any CPU.ActiveCfg = Release|Any CPU
		{1F209D65-C8B6-434C-A352-D2E52BEF8E9F}.Release|Any CPU.Build.0 = Release|Any CPU
		{58803696-5346-474C-B679-AF4ECB194031}.Debug|Any CPU.ActiveCfg = Debug|Any CPU
		{58803696-5346-474C-B679-AF4ECB194031}.Debug|Any CPU.Build.0 = Debug|Any CPU
		{58803696-5346-474C-B679-AF4ECB194031}.Release|Any CPU.ActiveCfg = Release|Any CPU
		{58803696-5346-474C-B679-AF4ECB194031}.Release|Any CPU.Build.0 = Release|Any CPU
		{0BAB66B5-4309-4463-83A5-953E2DFE190B}.Debug|Any CPU.ActiveCfg = Debug|Any CPU
		{0BAB66B5-4309-4463-83A5-953E2DFE190B}.Debug|Any CPU.Build.0 = Debug|Any CPU
		{0BAB66B5-4309-4463-83A5-953E2DFE190B}.Release|Any CPU.ActiveCfg = Release|Any CPU
		{0BAB66B5-4309-4463-83A5-953E2DFE190B}.Release|Any CPU.Build.0 = Release|Any CPU
		{6D6AC8AB-DE84-4D1F-BCD4-AAC0FB364C8E}.Debug|Any CPU.ActiveCfg = Debug|Any CPU
		{6D6AC8AB-DE84-4D1F-BCD4-AAC0FB364C8E}.Debug|Any CPU.Build.0 = Debug|Any CPU
		{6D6AC8AB-DE84-4D1F-BCD4-AAC0FB364C8E}.Release|Any CPU.ActiveCfg = Release|Any CPU
		{6D6AC8AB-DE84-4D1F-BCD4-AAC0FB364C8E}.Release|Any CPU.Build.0 = Release|Any CPU
	EndGlobalSection
	GlobalSection(SolutionProperties) = preSolution
		HideSolutionNode = FALSE
	EndGlobalSection
	GlobalSection(ExtensibilityGlobals) = postSolution
		SolutionGuid = {E8B3BF0F-5AD2-4140-AD7D-CC779B66D975}
	EndGlobalSection
EndGlobal
